
Microsoft Visual Studio Solution File, Format Version 12.00
# Visual Studio Version 17
VisualStudioVersion = 17.4.33213.308
MinimumVisualStudioVersion = 10.0.40219.1
Project("{9A19103F-16F7-4668-BE54-9A1E7A4F7556}") = "ToDoApp.Data", "ToDoApp.Data\ToDoApp.Data.csproj", "{BC35BAFF-C627-4099-95E2-396F79D289E8}"
EndProject
Project("{9A19103F-16F7-4668-BE54-9A1E7A4F7556}") = "ToDoApp.API", "ToDoApp.API\ToDoApp.API.csproj", "{9C7CED14-6678-46E5-983E-4F1E8433BCD4}"
EndProject
Project("{E53339B2-1760-4266-BCC7-CA923CBCF16C}") = "docker-compose", "docker-compose.dcproj", "{983B0C0D-1990-4BF9-8085-56CD844CA3CF}"
EndProject
Global
	GlobalSection(SolutionConfigurationPlatforms) = preSolution
		Debug|Any CPU = Debug|Any CPU
		Release|Any CPU = Release|Any CPU
	EndGlobalSection
	GlobalSection(ProjectConfigurationPlatforms) = postSolution
		{BC35BAFF-C627-4099-95E2-396F79D289E8}.Debug|Any CPU.ActiveCfg = Debug|Any CPU
		{BC35BAFF-C627-4099-95E2-396F79D289E8}.Debug|Any CPU.Build.0 = Debug|Any CPU
		{BC35BAFF-C627-4099-95E2-396F79D289E8}.Release|Any CPU.ActiveCfg = Release|Any CPU
		{BC35BAFF-C627-4099-95E2-396F79D289E8}.Release|Any CPU.Build.0 = Release|Any CPU
		{9C7CED14-6678-46E5-983E-4F1E8433BCD4}.Debug|Any CPU.ActiveCfg = Debug|Any CPU
		{9C7CED14-6678-46E5-983E-4F1E8433BCD4}.Debug|Any CPU.Build.0 = Debug|Any CPU
		{9C7CED14-6678-46E5-983E-4F1E8433BCD4}.Release|Any CPU.ActiveCfg = Release|Any CPU
		{9C7CED14-6678-46E5-983E-4F1E8433BCD4}.Release|Any CPU.Build.0 = Release|Any CPU
		{983B0C0D-1990-4BF9-8085-56CD844CA3CF}.Debug|Any CPU.ActiveCfg = Debug|Any CPU
		{983B0C0D-1990-4BF9-8085-56CD844CA3CF}.Debug|Any CPU.Build.0 = Debug|Any CPU
		{983B0C0D-1990-4BF9-8085-56CD844CA3CF}.Release|Any CPU.ActiveCfg = Release|Any CPU
		{983B0C0D-1990-4BF9-8085-56CD844CA3CF}.Release|Any CPU.Build.0 = Release|Any CPU
	EndGlobalSection
	GlobalSection(SolutionProperties) = preSolution
		HideSolutionNode = FALSE
	EndGlobalSection
	GlobalSection(ExtensibilityGlobals) = postSolution
		SolutionGuid = {0D4DE7C0-9448-4A22-9C46-B874DD8DACD2}
	EndGlobalSection
EndGlobal
